PODS:
  - Zlement (1.0.0):
    - Zlement/All (= 1.0.0)
  - Zlement/All (1.0.0):
    - Zlement/UITableView
  - Zlement/UITableView (1.0.0)

DEPENDENCIES:
  - Zlement (from `../`)

EXTERNAL SOURCES:
  Zlement:
    :path: "../"

SPEC CHECKSUMS:
  Zlement: b5bff05dc65206c47ba1d88977d6e67f3f839c92

PODFILE CHECKSUM: 20340eda2df2bdbe28afd54b90903fef5cb38fd3

COCOAPODS: 1.11.2
